// !$*UTF8*$!
{
	archiveVersion = 1;
	classes = {
	};
	objectVersion = 50;
	objects = {

/* Begin PBXBuildFile section */
		F5A2E9E42360CEF8004CA923 /* AppDelegate.swift in Sources */ = {isa = PBXBuildFile; fileRef = F5A2E9E32360CEF8004CA923 /* AppDelegate.swift */; };
		F5A2E9E62360CEF8004CA923 /* SceneDelegate.swift in Sources */ = {isa = PBXBuildFile; fileRef = F5A2E9E52360CEF8004CA923 /* SceneDelegate.swift */; };
		F5A2E9E82360CEF8004CA923 /* ViewController.swift in Sources */ = {isa = PBXBuildFile; fileRef = F5A2E9E72360CEF8004CA923 /* ViewController.swift */; };
		F5A2E9ED2360CEF9004CA923 /* Assets.xcassets in Resources */ = {isa = PBXBuildFile; fileRef = F5A2E9EC2360CEF9004CA923 /* Assets.xcassets */; };
		F5A2E9F02360CEF9004CA923 /* LaunchScreen.storyboard in Resources */ = {isa = PBXBuildFile; fileRef = F5A2E9EE2360CEF9004CA923 /* LaunchScreen.storyboard */; };
		F5A2E9F82360D133004CA923 /* CustomTableViewCell.swift in Sources */ = {isa = PBXBuildFile; fileRef = F5A2E9F72360D133004CA923 /* CustomTableViewCell.swift */; };
		F5A2E9FA2360D362004CA923 /* Movie.swift in Sources */ = {isa = PBXBuildFile; fileRef = F5A2E9F92360D362004CA923 /* Movie.swift */; };
		F5A2E9FD23610550004CA923 /* Main.storyboard in Resources */ = {isa = PBXBuildFile; fileRef = F5A2E9FB2361054F004CA923 /* Main.storyboard */; };
		F5A2EA0323612951004CA923 /* SearchViewController.swift in Sources */ = {isa = PBXBuildFile; fileRef = F5A2EA0223612951004CA923 /* SearchViewController.swift */; };
		F5A2EA05236343A3004CA923 /* HTTPHandler.swift in Sources */ = {isa = PBXBuildFile; fileRef = F5A2EA04236343A3004CA923 /* HTTPHandler.swift */; };
		F5A2EA072363499B004CA923 /* JSONParser.swift in Sources */ = {isa = PBXBuildFile; fileRef = F5A2EA062363499B004CA923 /* JSONParser.swift */; };
		F5A2EA092363528F004CA923 /* MovieDataProcessor.swift in Sources */ = {isa = PBXBuildFile; fileRef = F5A2EA082363528F004CA923 /* MovieDataProcessor.swift */; };
/* End PBXBuildFile section */

/* Begin PBXFileReference section */
		F5A2E9E02360CEF8004CA923 /* favorite-movies-app.app */ = {isa = PBXFileReference; explicitFileType = wrapper.application; includeInIndex = 0; path = "favorite-movies-app.app"; sourceTree = BUILT_PRODUCTS_DIR; };
		F5A2E9E32360CEF8004CA923 /* AppDelegate.swift */ = {isa = PBXFileReference; lastKnownFileType = sourcecode.swift; path = AppDelegate.swift; sourceTree = "<group>"; };
		F5A2E9E52360CEF8004CA923 /* SceneDelegate.swift */ = {isa = PBXFileReference; lastKnownFileType = sourcecode.swift; path = SceneDelegate.swift; sourceTree = "<group>"; };
		F5A2E9E72360CEF8004CA923 /* ViewController.swift */ = {isa = PBXFileReference; lastKnownFileType = sourcecode.swift; path = ViewController.swift; sourceTree = "<group>"; };
		F5A2E9EC2360CEF9004CA923 /* Assets.xcassets */ = {isa = PBXFileReference; lastKnownFileType = folder.assetcatalog; path = Assets.xcassets; sourceTree = "<group>"; };
		F5A2E9EF2360CEF9004CA923 /* Base */ = {isa = PBXFileReference; lastKnownFileType = file.storyboard; name = Base; path = Base.lproj/LaunchScreen.storyboard; sourceTree = "<group>"; };
		F5A2E9F12360CEF9004CA923 /* Info.plist */ = {isa = PBXFileReference; lastKnownFileType = text.plist.xml; path = Info.plist; sourceTree = "<group>"; };
		F5A2E9F72360D133004CA923 /* CustomTableViewCell.swift */ = {isa = PBXFileReference; lastKnownFileType = sourcecode.swift; path = CustomTableViewCell.swift; sourceTree = "<group>"; };
		F5A2E9F92360D362004CA923 /* Movie.swift */ = {isa = PBXFileReference; lastKnownFileType = sourcecode.swift; path = Movie.swift; sourceTree = "<group>"; };
		F5A2E9FC2361054F004CA923 /* Base */ = {isa = PBXFileReference; lastKnownFileType = file.storyboard; name = Base; path = Base.lproj/Main.storyboard; sourceTree = "<group>"; };
		F5A2EA0223612951004CA923 /* SearchViewController.swift */ = {isa = PBXFileReference; lastKnownFileType = sourcecode.swift; path = SearchViewController.swift; sourceTree = "<group>"; };
		F5A2EA04236343A3004CA923 /* HTTPHandler.swift */ = {isa = PBXFileReference; lastKnownFileType = sourcecode.swift; path = HTTPHandler.swift; sourceTree = "<group>"; };
		F5A2EA062363499B004CA923 /* JSONParser.swift */ = {isa = PBXFileReference; lastKnownFileType = sourcecode.swift; path = JSONParser.swift; sourceTree = "<group>"; };
		F5A2EA082363528F004CA923 /* MovieDataProcessor.swift */ = {isa = PBXFileReference; lastKnownFileType = sourcecode.swift; path = MovieDataProcessor.swift; sourceTree = "<group>"; };
/* End PBXFileReference section */

/* Begin PBXFrameworksBuildPhase section */
		F5A2E9DD2360CEF8004CA923 /* Frameworks */ = {
			isa = PBXFrameworksBuildPhase;
			buildActionMask = 2147483647;
			files = (
			);
			runOnlyForDeploymentPostprocessing = 0;
		};
/* End PBXFrameworksBuildPhase section */

/* Begin PBXGroup section */
		F5A2E9D72360CEF8004CA923 = {
			isa = PBXGroup;
			children = (
				F5A2E9E22360CEF8004CA923 /* favorite-movies-app */,
				F5A2E9E12360CEF8004CA923 /* Products */,
			);
			sourceTree = "<group>";
		};
		F5A2E9E12360CEF8004CA923 /* Products */ = {
			isa = PBXGroup;
			children = (
				F5A2E9E02360CEF8004CA923 /* favorite-movies-app.app */,
			);
			name = Products;
			sourceTree = "<group>";
		};
		F5A2E9E22360CEF8004CA923 /* favorite-movies-app */ = {
			isa = PBXGroup;
			children = (
				F5A2E9E32360CEF8004CA923 /* AppDelegate.swift */,
				F5A2E9FB2361054F004CA923 /* Main.storyboard */,
				F5A2E9E52360CEF8004CA923 /* SceneDelegate.swift */,
				F5A2E9E72360CEF8004CA923 /* ViewController.swift */,
				F5A2E9EC2360CEF9004CA923 /* Assets.xcassets */,
				F5A2E9EE2360CEF9004CA923 /* LaunchScreen.storyboard */,
				F5A2E9F12360CEF9004CA923 /* Info.plist */,
				F5A2E9F72360D133004CA923 /* CustomTableViewCell.swift */,
				F5A2E9F92360D362004CA923 /* Movie.swift */,
				F5A2EA0223612951004CA923 /* SearchViewController.swift */,
				F5A2EA04236343A3004CA923 /* HTTPHandler.swift */,
				F5A2EA062363499B004CA923 /* JSONParser.swift */,
				F5A2EA082363528F004CA923 /* MovieDataProcessor.swift */,
			);
			path = "favorite-movies-app";
			sourceTree = "<group>";
		};
/* End PBXGroup section */

/* Begin PBXNativeTarget section */
		F5A2E9DF2360CEF8004CA923 /* favorite-movies-app */ = {
			isa = PBXNativeTarget;
			buildConfigurationList = F5A2E9F42360CEF9004CA923 /* Build configuration list for PBXNativeTarget "favorite-movies-app" */;
			buildPhases = (
				F5A2E9DC2360CEF8004CA923 /* Sources */,
				F5A2E9DD2360CEF8004CA923 /* Frameworks */,
				F5A2E9DE2360CEF8004CA923 /* Resources */,
			);
			buildRules = (
			);
			dependencies = (
			);
			name = "favorite-movies-app";
			productName = "favorite-movies-app";
			productReference = F5A2E9E02360CEF8004CA923 /* favorite-movies-app.app */;
			productType = "com.apple.product-type.application";
		};
/* End PBXNativeTarget section */

/* Begin PBXProject section */
		F5A2E9D82360CEF8004CA923 /* Project object */ = {
			isa = PBXProject;
			attributes = {
				LastSwiftUpdateCheck = 1110;
				LastUpgradeCheck = 1110;
				ORGANIZATIONNAME = "Lexa Wong";
				TargetAttributes = {
					F5A2E9DF2360CEF8004CA923 = {
						CreatedOnToolsVersion = 11.1;
					};
				};
			};
			buildConfigurationList = F5A2E9DB2360CEF8004CA923 /* Build configuration list for PBXProject "favorite-movies-app" */;
			compatibilityVersion = "Xcode 9.3";
			developmentRegion = en;
			hasScannedForEncodings = 0;
			knownRegions = (
				en,
				Base,
			);
			mainGroup = F5A2E9D72360CEF8004CA923;
			productRefGroup = F5A2E9E12360CEF8004CA923 /* Products */;
			projectDirPath = "";
			projectRoot = "";
			targets = (
				F5A2E9DF2360CEF8004CA923 /* favorite-movies-app */,
			);
		};
/* End PBXProject section */

/* Begin PBXResourcesBuildPhase section */
		F5A2E9DE2360CEF8004CA923 /* Resources */ = {
			isa = PBXResourcesBuildPhase;
			buildActionMask = 2147483647;
			files = (
				F5A2E9FD23610550004CA923 /* Main.storyboard in Resources */,
				F5A2E9F02360CEF9004CA923 /* LaunchScreen.storyboard in Resources */,
				F5A2E9ED2360CEF9004CA923 /* Assets.xcassets in Resources */,
			);
			runOnlyForDeploymentPostprocessing = 0;
		};
/* End PBXResourcesBuildPhase section */

/* Begin PBXSourcesBuildPhase section */
		F5A2E9DC2360CEF8004CA923 /* Sources */ = {
			isa = PBXSourcesBuildPhase;
			buildActionMask = 2147483647;
			files = (
				F5A2EA0323612951004CA923 /* SearchViewController.swift in Sources */,
				F5A2E9E82360CEF8004CA923 /* ViewController.swift in Sources */,
				F5A2EA072363499B004CA923 /* JSONParser.swift in Sources */,
				F5A2E9E42360CEF8004CA923 /* AppDelegate.swift in Sources */,
				F5A2E9F82360D133004CA923 /* CustomTableViewCell.swift in Sources */,
				F5A2E9E62360CEF8004CA923 /* SceneDelegate.swift in Sources */,
				F5A2EA092363528F004CA923 /* MovieDataProcessor.swift in Sources */,
				F5A2EA05236343A3004CA923 /* HTTPHandler.swift in Sources */,
				F5A2E9FA2360D362004CA923 /* Movie.swift in Sources */,
			);
			runOnlyForDeploymentPostprocessing = 0;
		};
/* End PBXSourcesBuildPhase section */

/* Begin PBXVariantGroup section */
		F5A2E9EE2360CEF9004CA923 /* LaunchScreen.storyboard */ = {
			isa = PBXVariantGroup;
			children = (
				F5A2E9EF2360CEF9004CA923 /* Base */,
			);
			name = LaunchScreen.storyboard;
			sourceTree = "<group>";
		};
		F5A2E9FB2361054F004CA923 /* Main.storyboard */ = {
			isa = PBXVariantGroup;
			children = (
				F5A2E9FC2361054F004CA923 /* Base */,
			);
			name = Main.storyboard;
			sourceTree = "<group>";
		};
/* End PBXVariantGroup section */

/* Begin XCBuildConfiguration section */
		F5A2E9F22360CEF9004CA923 /* Debug */ = {
			isa = XCBuildConfiguration;
			buildSettings = {
				ALWAYS_SEARCH_USER_PATHS = NO;
				CLANG_ANALYZER_NONNULL = YES;
				CLANG_ANALYZER_NUMBER_OBJECT_CONVERSION = YES_AGGRESSIVE;
				CLANG_CXX_LANGUAGE_STANDARD = "gnu++14";
				CLANG_CXX_LIBRARY = "libc++";
				CLANG_ENABLE_MODULES = YES;
				CLANG_ENABLE_OBJC_ARC = YES;
				CLANG_ENABLE_OBJC_WEAK = YES;
				CLANG_WARN_BLOCK_CAPTURE_AUTORELEASING = YES;
				CLANG_WARN_BOOL_CONVERSION = YES;
				CLANG_WARN_COMMA = YES;
				CLANG_WARN_CONSTANT_CONVERSION = YES;
				CLANG_WARN_DEPRECATED_OBJC_IMPLEMENTATIONS = YES;
				CLANG_WARN_DIRECT_OBJC_ISA_USAGE = YES_ERROR;
				CLANG_WARN_DOCUMENTATION_COMMENTS = YES;
				CLANG_WARN_EMPTY_BODY = YES;
				CLANG_WARN_ENUM_CONVERSION = YES;
				CLANG_WARN_INFINITE_RECURSION = YES;
				CLANG_WARN_INT_CONVERSION = YES;
				CLANG_WARN_NON_LITERAL_NULL_CONVERSION = YES;
				CLANG_WARN_OBJC_IMPLICIT_RETAIN_SELF = YES;
				CLANG_WARN_OBJC_LITERAL_CONVERSION = YES;
				CLANG_WARN_OBJC_ROOT_CLASS = YES_ERROR;
				CLANG_WARN_RANGE_LOOP_ANALYSIS = YES;
				CLANG_WARN_STRICT_PROTOTYPES = YES;
				CLANG_WARN_SUSPICIOUS_MOVE = YES;
				CLANG_WARN_UNGUARDED_AVAILABILITY = YES_AGGRESSIVE;
				CLANG_WARN_UNREACHABLE_CODE = YES;
				CLANG_WARN__DUPLICATE_METHOD_MATCH = YES;
				COPY_PHASE_STRIP = NO;
				DEBUG_INFORMATION_FORMAT = dwarf;
				ENABLE_STRICT_OBJC_MSGSEND = YES;
				ENABLE_TESTABILITY = YES;
				GCC_C_LANGUAGE_STANDARD = gnu11;
				GCC_DYNAMIC_NO_PIC = NO;
				GCC_NO_COMMON_BLOCKS = YES;
				GCC_OPTIMIZATION_LEVEL = 0;
				GCC_PREPROCESSOR_DEFINITIONS = (
					"DEBUG=1",
					"$(inherited)",
				);
				GCC_WARN_64_TO_32_BIT_CONVERSION = YES;
				GCC_WARN_ABOUT_RETURN_TYPE = YES_ERROR;
				GCC_WARN_UNDECLARED_SELECTOR = YES;
				GCC_WARN_UNINITIALIZED_AUTOS = YES_AGGRESSIVE;
				GCC_WARN_UNUSED_FUNCTION = YES;
				GCC_WARN_UNUSED_VARIABLE = YES;
				IPHONEOS_DEPLOYMENT_TARGET = 13.1;
				MTL_ENABLE_DEBUG_INFO = INCLUDE_SOURCE;
				MTL_FAST_MATH = YES;
				ONLY_ACTIVE_ARCH = YES;
				SDKROOT = iphoneos;
				SWIFT_ACTIVE_COMPILATION_CONDITIONS = DEBUG;
				SWIFT_OPTIMIZATION_LEVEL = "-Onone";
			};
			name = Debug;
		};
		F5A2E9F32360CEF9004CA923 /* Release */ = {
			isa = XCBuildConfiguration;
			buildSettings = {
				ALWAYS_SEARCH_USER_PATHS = NO;
				CLANG_ANALYZER_NONNULL = YES;
				CLANG_ANALYZER_NUMBER_OBJECT_CONVERSION = YES_AGGRESSIVE;
				CLANG_CXX_LANGUAGE_STANDARD = "gnu++14";
				CLANG_CXX_LIBRARY = "libc++";
				CLANG_ENABLE_MODULES = YES;
				CLANG_ENABLE_OBJC_ARC = YES;
				CLANG_ENABLE_OBJC_WEAK = YES;
				CLANG_WARN_BLOCK_CAPTURE_AUTORELEASING = YES;
				CLANG_WARN_BOOL_CONVERSION = YES;
				CLANG_WARN_COMMA = YES;
				CLANG_WARN_CONSTANT_CONVERSION = YES;
				CLANG_WARN_DEPRECATED_OBJC_IMPLEMENTATIONS = YES;
				CLANG_WARN_DIRECT_OBJC_ISA_USAGE = YES_ERROR;
				CLANG_WARN_DOCUMENTATION_COMMENTS = YES;
				CLANG_WARN_EMPTY_BODY = YES;
				CLANG_WARN_ENUM_CONVERSION = YES;
				CLANG_WARN_INFINITE_RECURSION = YES;
				CLANG_WARN_INT_CONVERSION = YES;
				CLANG_WARN_NON_LITERAL_NULL_CONVERSION = YES;
				CLANG_WARN_OBJC_IMPLICIT_RETAIN_SELF = YES;
				CLANG_WARN_OBJC_LITERAL_CONVERSION = YES;
				CLANG_WARN_OBJC_ROOT_CLASS = YES_ERROR;
				CLANG_WARN_RANGE_LOOP_ANALYSIS = YES;
				CLANG_WARN_STRICT_PROTOTYPES = YES;
				CLANG_WARN_SUSPICIOUS_MOVE = YES;
				CLANG_WARN_UNGUARDED_AVAILABILITY = YES_AGGRESSIVE;
				CLANG_WARN_UNREACHABLE_CODE = YES;
				CLANG_WARN__DUPLICATE_METHOD_MATCH = YES;
				COPY_PHASE_STRIP = NO;
				DEBUG_INFORMATION_FORMAT = "dwarf-with-dsym";
				ENABLE_NS_ASSERTIONS = NO;
				ENABLE_STRICT_OBJC_MSGSEND = YES;
				GCC_C_LANGUAGE_STANDARD = gnu11;
				GCC_NO_COMMON_BLOCKS = YES;
				GCC_WARN_64_TO_32_BIT_CONVERSION = YES;
				GCC_WARN_ABOUT_RETURN_TYPE = YES_ERROR;
				GCC_WARN_UNDECLARED_SELECTOR = YES;
				GCC_WARN_UNINITIALIZED_AUTOS = YES_AGGRESSIVE;
				GCC_WARN_UNUSED_FUNCTION = YES;
				GCC_WARN_UNUSED_VARIABLE = YES;
				IPHONEOS_DEPLOYMENT_TARGET = 13.1;
				MTL_ENABLE_DEBUG_INFO = NO;
				MTL_FAST_MATH = YES;
				SDKROOT = iphoneos;
				SWIFT_COMPILATION_MODE = wholemodule;
				SWIFT_OPTIMIZATION_LEVEL = "-O";
				VALIDATE_PRODUCT = YES;
			};
			name = Release;
		};
		F5A2E9F52360CEF9004CA923 /* Debug */ = {
			isa = XCBuildConfiguration;
			buildSettings = {
				ASSETCATALOG_COMPILER_APPICON_NAME = AppIcon;
				CODE_SIGN_STYLE = Automatic;
				INFOPLIST_FILE = "favorite-movies-app/Info.plist";
				LD_RUNPATH_SEARCH_PATHS = (
					"$(inherited)",
					"@executable_path/Frameworks",
				);
				PRODUCT_BUNDLE_IDENTIFIER = "com..favorite-movies-app";
				PRODUCT_NAME = "$(TARGET_NAME)";
				SWIFT_VERSION = 5.0;
				TARGETED_DEVICE_FAMILY = "1,2";
			};
			name = Debug;
		};
		F5A2E9F62360CEF9004CA923 /* Release */ = {
			isa = XCBuildConfiguration;
			buildSettings = {
				ASSETCATALOG_COMPILER_APPICON_NAME = AppIcon;
				CODE_SIGN_STYLE = Automatic;
				INFOPLIST_FILE = "favorite-movies-app/Info.plist";
				LD_RUNPATH_SEARCH_PATHS = (
					"$(inherited)",
					"@executable_path/Frameworks",
				);
				PRODUCT_BUNDLE_IDENTIFIER = "com..favorite-movies-app";
				PRODUCT_NAME = "$(TARGET_NAME)";
				SWIFT_VERSION = 5.0;
				TARGETED_DEVICE_FAMILY = "1,2";
			};
			name = Release;
		};
/* End XCBuildConfiguration section */

/* Begin XCConfigurationList section */
		F5A2E9DB2360CEF8004CA923 /* Build configuration list for PBXProject "favorite-movies-app" */ = {
			isa = XCConfigurationList;
			buildConfigurations = (
				F5A2E9F22360CEF9004CA923 /* Debug */,
				F5A2E9F32360CEF9004CA923 /* Release */,
			);
			defaultConfigurationIsVisible = 0;
			defaultConfigurationName = Release;
		};
		F5A2E9F42360CEF9004CA923 /* Build configuration list for PBXNativeTarget "favorite-movies-app" */ = {
			isa = XCConfigurationList;
			buildConfigurations = (
				F5A2E9F52360CEF9004CA923 /* Debug */,
				F5A2E9F62360CEF9004CA923 /* Release */,
			);
			defaultConfigurationIsVisible = 0;
			defaultConfigurationName = Release;
		};
/* End XCConfigurationList section */
	};
	rootObject = F5A2E9D82360CEF8004CA923 /* Project object */;
}
